github.com/alekzander13/ServerGpsService/gpslist v0.0.0-20220523085345-5efc4fe14d90 h1:7610HfZNAuTCfAc8VxPQA5sJIPoTMikNHiq1ANRz4Nw=
github.com/alekzander13/ServerGpsService/gpslist v0.0.0-20220523085345-5efc4fe14d90/go.mod h1:pxmWxYUG2H5kUWLrvQcosmpAfdLqUr2qoKYQRsCL9o4=
github.com/alekzander13/ServerGpsService/models v0.0.0-20220523085345-5efc4fe14d90 h1:eGLzwGd7jpddrB7NufIFfV4PCZ6JfVRkh8/y+W2EIms=
github.com/alekzander13/ServerGpsService/models v0.0.0-20220523085345-5efc4fe14d90/go.mod h1:lZlhOz8xMzl3NKzYQ4PYnJ/bY35nXfol4SRNmFKp5Pc=
github.com/alekzander13/ServerGpsService/mylog v0.0.0-20220523131152-d9c9cc1024aa h1:3iy0FIQaBBLwdfNwvxpDFve3+VZHV0DQIzneu2TzwI8=
github.com/alekzander13/ServerGpsService/mylog v0.0.0-20220523131152-d9c9cc1024aa/go.mod h1:b6WJGB+1wa0jvZCWtdCCE7zdzdKq4qXK5qPHQQS0Re0=
github.com/alekzander13/ServerGpsService/protocol v0.0.0-20220523131152-d9c9cc1024aa h1:ghwCZilXaS6uG+Ic9Tpfiy/5uFj640VwN9HcZg3bdMg=
github.com/alekzander13/ServerGpsService/protocol v0.0.0-20220523131152-d9c9cc1024aa/go.mod h1:DJnC1hr3NyoIh1H9JlnKPIhSRsfSi8dRaDQbdNMgKr4=
github.com/alekzander13/ServerGpsService/utils v0.0.0-20220523070308-fa49bd8e0422 h1:2lSD1+CiReFcUWqhwUkbAArPkLx9ArTokuIz5fkvSn4=
github.com/alekzander13/ServerGpsService/utils v0.0.0-20220523070308-fa49bd8e0422/go.mod h1:8Hc1jAlRpOLioPnZ/8hTiGxY0zUG1suMfwfeSia85a0=
